// !$*UTF8*$!
{
	archiveVersion = 1;
	classes = {
	};
	objectVersion = 56;
	objects = {

/* Begin PBXBuildFile section */
		596F94462BF9463A0092F51C /* AirQualityPageModel.swift in Sources */ = {isa = PBXBuildFile; fileRef = 596F94452BF9463A0092F51C /* AirQualityPageModel.swift */; };
		596F94482BF9464E0092F51C /* AirQualityPageVCextension.swift in Sources */ = {isa = PBXBuildFile; fileRef = 596F94472BF9464E0092F51C /* AirQualityPageVCextension.swift */; };
		753936842BF7516C004C0368 /* PopulationPageModel.swift in Sources */ = {isa = PBXBuildFile; fileRef = 753936832BF7516C004C0368 /* PopulationPageModel.swift */; };
		753936882BF7B413004C0368 /* CustomCell.swift in Sources */ = {isa = PBXBuildFile; fileRef = 753936872BF7B413004C0368 /* CustomCell.swift */; };
		7539368B2BF7DB1F004C0368 /* populationPageExtension.swift in Sources */ = {isa = PBXBuildFile; fileRef = 7539368A2BF7DB1F004C0368 /* populationPageExtension.swift */; };
		7539368D2BF7DC3C004C0368 /* CustomInfoViewController.swift in Sources */ = {isa = PBXBuildFile; fileRef = 7539368C2BF7DC3C004C0368 /* CustomInfoViewController.swift */; };
		753936902BF7E20C004C0368 /* CustomInfoViewModel.swift in Sources */ = {isa = PBXBuildFile; fileRef = 7539368F2BF7E20C004C0368 /* CustomInfoViewModel.swift */; };
		85C7120C2BF6A067004353CB /* AppDelegate.swift in Sources */ = {isa = PBXBuildFile; fileRef = 85C7120B2BF6A067004353CB /* AppDelegate.swift */; };
		85C7120E2BF6A067004353CB /* SceneDelegate.swift in Sources */ = {isa = PBXBuildFile; fileRef = 85C7120D2BF6A067004353CB /* SceneDelegate.swift */; };
		85C712152BF6A069004353CB /* Assets.xcassets in Resources */ = {isa = PBXBuildFile; fileRef = 85C712142BF6A069004353CB /* Assets.xcassets */; };
		85C712182BF6A069004353CB /* Base in Resources */ = {isa = PBXBuildFile; fileRef = 85C712172BF6A069004353CB /* Base */; };
		85C712262BF6A185004353CB /* AirQualityPageVC.swift in Sources */ = {isa = PBXBuildFile; fileRef = 85C712252BF6A185004353CB /* AirQualityPageVC.swift */; };
		85C712282BF6A198004353CB /* AirQualityPageVM.swift in Sources */ = {isa = PBXBuildFile; fileRef = 85C712272BF6A198004353CB /* AirQualityPageVM.swift */; };
		85C7122B2BF6A1D6004353CB /* WeatherPageVC.swift in Sources */ = {isa = PBXBuildFile; fileRef = 85C7122A2BF6A1D6004353CB /* WeatherPageVC.swift */; };
		85C7122D2BF6A1E0004353CB /* WeatherPageVM.swift in Sources */ = {isa = PBXBuildFile; fileRef = 85C7122C2BF6A1E0004353CB /* WeatherPageVM.swift */; };
		85C712302BF6A206004353CB /* SpeciePageVC.swift in Sources */ = {isa = PBXBuildFile; fileRef = 85C7122F2BF6A206004353CB /* SpeciePageVC.swift */; };
		85C712322BF6A216004353CB /* SpeciePageVM.swift in Sources */ = {isa = PBXBuildFile; fileRef = 85C712312BF6A216004353CB /* SpeciePageVM.swift */; };
		85C712352BF6A232004353CB /* SolarResourcePageVM.swift in Sources */ = {isa = PBXBuildFile; fileRef = 85C712342BF6A232004353CB /* SolarResourcePageVM.swift */; };
		85C712372BF6A248004353CB /* SolarResourcePageVC.swift in Sources */ = {isa = PBXBuildFile; fileRef = 85C712362BF6A248004353CB /* SolarResourcePageVC.swift */; };
		85C7123A2BF6A268004353CB /* PopulationPageVC.swift in Sources */ = {isa = PBXBuildFile; fileRef = 85C712392BF6A268004353CB /* PopulationPageVC.swift */; };
		85C7123C2BF6A275004353CB /* PopulationPageVM.swift in Sources */ = {isa = PBXBuildFile; fileRef = 85C7123B2BF6A275004353CB /* PopulationPageVM.swift */; };
		85C7123E2BF6A4E2004353CB /* UIColor.swift in Sources */ = {isa = PBXBuildFile; fileRef = 85C7123D2BF6A4E2004353CB /* UIColor.swift */; };
		85C712412BF6A521004353CB /* SimpleNetworking in Frameworks */ = {isa = PBXBuildFile; productRef = 85C712402BF6A521004353CB /* SimpleNetworking */; };
		85C712462BF6A71C004353CB /* FiraGO-Bold.ttf in Resources */ = {isa = PBXBuildFile; fileRef = 85C712452BF6A71C004353CB /* FiraGO-Bold.ttf */; };
		85C712482BF6A730004353CB /* FiraGO-Regular.ttf in Resources */ = {isa = PBXBuildFile; fileRef = 85C712472BF6A730004353CB /* FiraGO-Regular.ttf */; };
		85C7124B2BF6BF1E004353CB /* SDWebImage in Frameworks */ = {isa = PBXBuildFile; productRef = 85C7124A2BF6BF1E004353CB /* SDWebImage */; };
		85C7124D2BF6BF1E004353CB /* SDWebImageMapKit in Frameworks */ = {isa = PBXBuildFile; productRef = 85C7124C2BF6BF1E004353CB /* SDWebImageMapKit */; };
		85C712532BF6CF11004353CB /* CountryCollectionViewCell.swift in Sources */ = {isa = PBXBuildFile; fileRef = 85C712522BF6CF11004353CB /* CountryCollectionViewCell.swift */; };
		85C7125A2BF7662D004353CB /* SpecieDetailsVC.swift in Sources */ = {isa = PBXBuildFile; fileRef = 85C712592BF7662D004353CB /* SpecieDetailsVC.swift */; };
		85C7125C2BF76635004353CB /* SpecieDetailsVM.swift in Sources */ = {isa = PBXBuildFile; fileRef = 85C7125B2BF76635004353CB /* SpecieDetailsVM.swift */; };
		85C712612BF78B8D004353CB /* SpecieCollectionViewCell.swift in Sources */ = {isa = PBXBuildFile; fileRef = 85C712602BF78B8D004353CB /* SpecieCollectionViewCell.swift */; };
		85C712A22BF8238E004353CB /* CountryCapitalListModel.swift in Sources */ = {isa = PBXBuildFile; fileRef = 85C712A12BF8238E004353CB /* CountryCapitalListModel.swift */; };
		85C712A52BF823CE004353CB /* NaturalistInfoModel.swift in Sources */ = {isa = PBXBuildFile; fileRef = 85C712A42BF823CE004353CB /* NaturalistInfoModel.swift */; };
		85C712A72BF823E7004353CB /* CityIDModel.swift in Sources */ = {isa = PBXBuildFile; fileRef = 85C712A62BF823E7004353CB /* CityIDModel.swift */; };
		CC36A8542BF955B500A41451 /* ForecastModel.swift in Sources */ = {isa = PBXBuildFile; fileRef = CC36A8532BF955B500A41451 /* ForecastModel.swift */; };
/* End PBXBuildFile section */

/* Begin PBXFileReference section */
		596F94452BF9463A0092F51C /* AirQualityPageModel.swift */ = {isa = PBXFileReference; lastKnownFileType = sourcecode.swift; path = AirQualityPageModel.swift; sourceTree = "<group>"; };
		596F94472BF9464E0092F51C /* AirQualityPageVCextension.swift */ = {isa = PBXFileReference; lastKnownFileType = sourcecode.swift; path = AirQualityPageVCextension.swift; sourceTree = "<group>"; };
		753936832BF7516C004C0368 /* PopulationPageModel.swift */ = {isa = PBXFileReference; lastKnownFileType = sourcecode.swift; path = PopulationPageModel.swift; sourceTree = "<group>"; };
		753936872BF7B413004C0368 /* CustomCell.swift */ = {isa = PBXFileReference; lastKnownFileType = sourcecode.swift; path = CustomCell.swift; sourceTree = "<group>"; };
		7539368A2BF7DB1F004C0368 /* populationPageExtension.swift */ = {isa = PBXFileReference; lastKnownFileType = sourcecode.swift; path = populationPageExtension.swift; sourceTree = "<group>"; };
		7539368C2BF7DC3C004C0368 /* CustomInfoViewController.swift */ = {isa = PBXFileReference; lastKnownFileType = sourcecode.swift; path = CustomInfoViewController.swift; sourceTree = "<group>"; };
		7539368F2BF7E20C004C0368 /* CustomInfoViewModel.swift */ = {isa = PBXFileReference; lastKnownFileType = sourcecode.swift; path = CustomInfoViewModel.swift; sourceTree = "<group>"; };
		85C712082BF6A067004353CB /* Collaboration1.app */ = {isa = PBXFileReference; explicitFileType = wrapper.application; includeInIndex = 0; path = Collaboration1.app; sourceTree = BUILT_PRODUCTS_DIR; };
		85C7120B2BF6A067004353CB /* AppDelegate.swift */ = {isa = PBXFileReference; lastKnownFileType = sourcecode.swift; path = AppDelegate.swift; sourceTree = "<group>"; };
		85C7120D2BF6A067004353CB /* SceneDelegate.swift */ = {isa = PBXFileReference; lastKnownFileType = sourcecode.swift; path = SceneDelegate.swift; sourceTree = "<group>"; };
		85C712142BF6A069004353CB /* Assets.xcassets */ = {isa = PBXFileReference; lastKnownFileType = folder.assetcatalog; path = Assets.xcassets; sourceTree = "<group>"; };
		85C712172BF6A069004353CB /* Base */ = {isa = PBXFileReference; lastKnownFileType = file.storyboard; name = Base; path = Base.lproj/LaunchScreen.storyboard; sourceTree = "<group>"; };
		85C712192BF6A069004353CB /* Info.plist */ = {isa = PBXFileReference; lastKnownFileType = text.plist.xml; path = Info.plist; sourceTree = "<group>"; };
		85C712252BF6A185004353CB /* AirQualityPageVC.swift */ = {isa = PBXFileReference; lastKnownFileType = sourcecode.swift; path = AirQualityPageVC.swift; sourceTree = "<group>"; };
		85C712272BF6A198004353CB /* AirQualityPageVM.swift */ = {isa = PBXFileReference; lastKnownFileType = sourcecode.swift; path = AirQualityPageVM.swift; sourceTree = "<group>"; };
		85C7122A2BF6A1D6004353CB /* WeatherPageVC.swift */ = {isa = PBXFileReference; lastKnownFileType = sourcecode.swift; path = WeatherPageVC.swift; sourceTree = "<group>"; };
		85C7122C2BF6A1E0004353CB /* WeatherPageVM.swift */ = {isa = PBXFileReference; lastKnownFileType = sourcecode.swift; path = WeatherPageVM.swift; sourceTree = "<group>"; };
		85C7122F2BF6A206004353CB /* SpeciePageVC.swift */ = {isa = PBXFileReference; lastKnownFileType = sourcecode.swift; path = SpeciePageVC.swift; sourceTree = "<group>"; };
		85C712312BF6A216004353CB /* SpeciePageVM.swift */ = {isa = PBXFileReference; lastKnownFileType = sourcecode.swift; path = SpeciePageVM.swift; sourceTree = "<group>"; };
		85C712342BF6A232004353CB /* SolarResourcePageVM.swift */ = {isa = PBXFileReference; lastKnownFileType = sourcecode.swift; path = SolarResourcePageVM.swift; sourceTree = "<group>"; };
		85C712362BF6A248004353CB /* SolarResourcePageVC.swift */ = {isa = PBXFileReference; lastKnownFileType = sourcecode.swift; path = SolarResourcePageVC.swift; sourceTree = "<group>"; };
		85C712392BF6A268004353CB /* PopulationPageVC.swift */ = {isa = PBXFileReference; lastKnownFileType = sourcecode.swift; path = PopulationPageVC.swift; sourceTree = "<group>"; };
		85C7123B2BF6A275004353CB /* PopulationPageVM.swift */ = {isa = PBXFileReference; lastKnownFileType = sourcecode.swift; path = PopulationPageVM.swift; sourceTree = "<group>"; };
		85C7123D2BF6A4E2004353CB /* UIColor.swift */ = {isa = PBXFileReference; lastKnownFileType = sourcecode.swift; path = UIColor.swift; sourceTree = "<group>"; };
		85C712452BF6A71C004353CB /* FiraGO-Bold.ttf */ = {isa = PBXFileReference; lastKnownFileType = file; path = "FiraGO-Bold.ttf"; sourceTree = "<group>"; };
		85C712472BF6A730004353CB /* FiraGO-Regular.ttf */ = {isa = PBXFileReference; lastKnownFileType = file; path = "FiraGO-Regular.ttf"; sourceTree = "<group>"; };
		85C712522BF6CF11004353CB /* CountryCollectionViewCell.swift */ = {isa = PBXFileReference; lastKnownFileType = sourcecode.swift; path = CountryCollectionViewCell.swift; sourceTree = "<group>"; };
		85C712592BF7662D004353CB /* SpecieDetailsVC.swift */ = {isa = PBXFileReference; lastKnownFileType = sourcecode.swift; path = SpecieDetailsVC.swift; sourceTree = "<group>"; };
		85C7125B2BF76635004353CB /* SpecieDetailsVM.swift */ = {isa = PBXFileReference; lastKnownFileType = sourcecode.swift; path = SpecieDetailsVM.swift; sourceTree = "<group>"; };
		85C712602BF78B8D004353CB /* SpecieCollectionViewCell.swift */ = {isa = PBXFileReference; lastKnownFileType = sourcecode.swift; path = SpecieCollectionViewCell.swift; sourceTree = "<group>"; };
		85C712A12BF8238E004353CB /* CountryCapitalListModel.swift */ = {isa = PBXFileReference; lastKnownFileType = sourcecode.swift; path = CountryCapitalListModel.swift; sourceTree = "<group>"; };
		85C712A42BF823CE004353CB /* NaturalistInfoModel.swift */ = {isa = PBXFileReference; lastKnownFileType = sourcecode.swift; path = NaturalistInfoModel.swift; sourceTree = "<group>"; };
		85C712A62BF823E7004353CB /* CityIDModel.swift */ = {isa = PBXFileReference; lastKnownFileType = sourcecode.swift; path = CityIDModel.swift; sourceTree = "<group>"; };
		CC36A8532BF955B500A41451 /* ForecastModel.swift */ = {isa = PBXFileReference; lastKnownFileType = sourcecode.swift; path = ForecastModel.swift; sourceTree = "<group>"; };
/* End PBXFileReference section */

/* Begin PBXFrameworksBuildPhase section */
		85C712052BF6A067004353CB /* Frameworks */ = {
			isa = PBXFrameworksBuildPhase;
			buildActionMask = 2147483647;
			files = (
				85C7124B2BF6BF1E004353CB /* SDWebImage in Frameworks */,
				85C7124D2BF6BF1E004353CB /* SDWebImageMapKit in Frameworks */,
				85C712412BF6A521004353CB /* SimpleNetworking in Frameworks */,
			);
			runOnlyForDeploymentPostprocessing = 0;
		};
/* End PBXFrameworksBuildPhase section */

/* Begin PBXGroup section */
		753936892BF7DAA0004C0368 /* TableViewCell */ = {
			isa = PBXGroup;
			children = (
				753936872BF7B413004C0368 /* CustomCell.swift */,
			);
			path = TableViewCell;
			sourceTree = "<group>";
		};
		7539368E2BF7DC52004C0368 /* details */ = {
			isa = PBXGroup;
			children = (
				7539368C2BF7DC3C004C0368 /* CustomInfoViewController.swift */,
				7539368F2BF7E20C004C0368 /* CustomInfoViewModel.swift */,
			);
			path = details;
			sourceTree = "<group>";
		};
		75AD62FC2BF8DBCD009D1BCA /* Population */ = {
			isa = PBXGroup;
			children = (
				753936832BF7516C004C0368 /* PopulationPageModel.swift */,
			);
			path = Population;
			sourceTree = "<group>";
		};
		85C711FF2BF6A067004353CB = {
			isa = PBXGroup;
			children = (
				85C7120A2BF6A067004353CB /* Collaboration1 */,
				85C712092BF6A067004353CB /* Products */,
			);
			sourceTree = "<group>";
		};
		85C712092BF6A067004353CB /* Products */ = {
			isa = PBXGroup;
			children = (
				85C712082BF6A067004353CB /* Collaboration1.app */,
			);
			name = Products;
			sourceTree = "<group>";
		};
		85C7120A2BF6A067004353CB /* Collaboration1 */ = {
			isa = PBXGroup;
			children = (
				85C712A02BF82310004353CB /* ProjectModels */,
				85C712232BF6A125004353CB /* Application */,
				85C712222BF6A121004353CB /* Resources */,
				85C712202BF6A116004353CB /* Extensions */,
				85C7121F2BF6A0B2004353CB /* Scenes */,
			);
			path = Collaboration1;
			sourceTree = "<group>";
		};
		85C7121F2BF6A0B2004353CB /* Scenes */ = {
			isa = PBXGroup;
			children = (
				85C712382BF6A250004353CB /* PopulationPage */,
				85C712332BF6A21A004353CB /* Solar Resource Page */,
				85C7122E2BF6A1F2004353CB /* SpeciePage */,
				85C712292BF6A1AB004353CB /* WeatherPage */,
				85C712242BF6A13F004353CB /* AirQualityPage */,
			);
			path = Scenes;
			sourceTree = "<group>";
		};
		85C712202BF6A116004353CB /* Extensions */ = {
			isa = PBXGroup;
			children = (
				85C7123D2BF6A4E2004353CB /* UIColor.swift */,
			);
			path = Extensions;
			sourceTree = "<group>";
		};
		85C712222BF6A121004353CB /* Resources */ = {
			isa = PBXGroup;
			children = (
				85C712142BF6A069004353CB /* Assets.xcassets */,
				85C712162BF6A069004353CB /* LaunchScreen.storyboard */,
				85C712192BF6A069004353CB /* Info.plist */,
				85C712452BF6A71C004353CB /* FiraGO-Bold.ttf */,
				85C712472BF6A730004353CB /* FiraGO-Regular.ttf */,
			);
			path = Resources;
			sourceTree = "<group>";
		};
		85C712232BF6A125004353CB /* Application */ = {
			isa = PBXGroup;
			children = (
				85C7120B2BF6A067004353CB /* AppDelegate.swift */,
				85C7120D2BF6A067004353CB /* SceneDelegate.swift */,
			);
			path = Application;
			sourceTree = "<group>";
		};
		85C712242BF6A13F004353CB /* AirQualityPage */ = {
			isa = PBXGroup;
			children = (
				85C712252BF6A185004353CB /* AirQualityPageVC.swift */,
				85C712272BF6A198004353CB /* AirQualityPageVM.swift */,
				596F94452BF9463A0092F51C /* AirQualityPageModel.swift */,
				596F94472BF9464E0092F51C /* AirQualityPageVCextension.swift */,
			);
			path = AirQualityPage;
			sourceTree = "<group>";
		};
		85C712292BF6A1AB004353CB /* WeatherPage */ = {
			isa = PBXGroup;
			children = (
				85C7122A2BF6A1D6004353CB /* WeatherPageVC.swift */,
				85C7122C2BF6A1E0004353CB /* WeatherPageVM.swift */,
				CC36A8532BF955B500A41451 /* ForecastModel.swift */,
			);
			path = WeatherPage;
			sourceTree = "<group>";
		};
		85C7122E2BF6A1F2004353CB /* SpeciePage */ = {
			isa = PBXGroup;
			children = (
				85C712572BF76123004353CB /* DetailSpecieView */,
				85C712562BF76118004353CB /* SpeciePageView */,
			);
			path = SpeciePage;
			sourceTree = "<group>";
		};
		85C712332BF6A21A004353CB /* Solar Resource Page */ = {
			isa = PBXGroup;
			children = (
				85C712342BF6A232004353CB /* SolarResourcePageVM.swift */,
				85C712362BF6A248004353CB /* SolarResourcePageVC.swift */,
			);
			path = "Solar Resource Page";
			sourceTree = "<group>";
		};
		85C712382BF6A250004353CB /* PopulationPage */ = {
			isa = PBXGroup;
			children = (
				85C712392BF6A268004353CB /* PopulationPageVC.swift */,
				85C7123B2BF6A275004353CB /* PopulationPageVM.swift */,
				7539368A2BF7DB1F004C0368 /* populationPageExtension.swift */,
				7539368E2BF7DC52004C0368 /* details */,
				753936892BF7DAA0004C0368 /* TableViewCell */,
			);
			path = PopulationPage;
			sourceTree = "<group>";
		};
		85C712512BF6CEE9004353CB /* CollectionViewCell */ = {
			isa = PBXGroup;
			children = (
				85C712522BF6CF11004353CB /* CountryCollectionViewCell.swift */,
			);
			path = CollectionViewCell;
			sourceTree = "<group>";
		};
		85C712562BF76118004353CB /* SpeciePageView */ = {
			isa = PBXGroup;
			children = (
				85C712312BF6A216004353CB /* SpeciePageVM.swift */,
				85C7122F2BF6A206004353CB /* SpeciePageVC.swift */,
				85C712512BF6CEE9004353CB /* CollectionViewCell */,
			);
			path = SpeciePageView;
			sourceTree = "<group>";
		};
		85C712572BF76123004353CB /* DetailSpecieView */ = {
			isa = PBXGroup;
			children = (
				85C7125F2BF78B6C004353CB /* DetailCollectionViewCell */,
				85C712592BF7662D004353CB /* SpecieDetailsVC.swift */,
				85C7125B2BF76635004353CB /* SpecieDetailsVM.swift */,
			);
			path = DetailSpecieView;
			sourceTree = "<group>";
		};
		85C7125F2BF78B6C004353CB /* DetailCollectionViewCell */ = {
			isa = PBXGroup;
			children = (
				85C712602BF78B8D004353CB /* SpecieCollectionViewCell.swift */,
			);
			path = DetailCollectionViewCell;
			sourceTree = "<group>";
		};
		85C712A02BF82310004353CB /* ProjectModels */ = {
			isa = PBXGroup;
			children = (
				75AD62FC2BF8DBCD009D1BCA /* Population */,
				85C712A32BF823BD004353CB /* Specie */,
			);
			path = ProjectModels;
			sourceTree = "<group>";
		};
		85C712A32BF823BD004353CB /* Specie */ = {
			isa = PBXGroup;
			children = (
				85C712A12BF8238E004353CB /* CountryCapitalListModel.swift */,
				85C712A42BF823CE004353CB /* NaturalistInfoModel.swift */,
				85C712A62BF823E7004353CB /* CityIDModel.swift */,
			);
			path = Specie;
			sourceTree = "<group>";
		};
/* End PBXGroup section */

/* Begin PBXNativeTarget section */
		85C712072BF6A067004353CB /* Collaboration1 */ = {
			isa = PBXNativeTarget;
			buildConfigurationList = 85C7121C2BF6A069004353CB /* Build configuration list for PBXNativeTarget "Collaboration1" */;
			buildPhases = (
				85C712042BF6A067004353CB /* Sources */,
				85C712052BF6A067004353CB /* Frameworks */,
				85C712062BF6A067004353CB /* Resources */,
			);
			buildRules = (
			);
			dependencies = (
			);
			name = Collaboration1;
			packageProductDependencies = (
				85C712402BF6A521004353CB /* SimpleNetworking */,
				85C7124A2BF6BF1E004353CB /* SDWebImage */,
				85C7124C2BF6BF1E004353CB /* SDWebImageMapKit */,
			);
			productName = Collaboration1;
			productReference = 85C712082BF6A067004353CB /* Collaboration1.app */;
			productType = "com.apple.product-type.application";
		};
/* End PBXNativeTarget section */

/* Begin PBXProject section */
		85C712002BF6A067004353CB /* Project object */ = {
			isa = PBXProject;
			attributes = {
				BuildIndependentTargetsInParallel = 1;
				LastSwiftUpdateCheck = 1530;
				LastUpgradeCheck = 1530;
				TargetAttributes = {
					85C712072BF6A067004353CB = {
						CreatedOnToolsVersion = 15.3;
					};
				};
			};
			buildConfigurationList = 85C712032BF6A067004353CB /* Build configuration list for PBXProject "Collaboration1" */;
			compatibilityVersion = "Xcode 14.0";
			developmentRegion = en;
			hasScannedForEncodings = 0;
			knownRegions = (
				en,
				Base,
			);
			mainGroup = 85C711FF2BF6A067004353CB;
			packageReferences = (
				85C7123F2BF6A521004353CB /* XCRemoteSwiftPackageReference "SimpleNetworking" */,
				85C712492BF6BF1E004353CB /* XCRemoteSwiftPackageReference "SDWebImage" */,
			);
			productRefGroup = 85C712092BF6A067004353CB /* Products */;
			projectDirPath = "";
			projectRoot = "";
			targets = (
				85C712072BF6A067004353CB /* Collaboration1 */,
			);
		};
/* End PBXProject section */

/* Begin PBXResourcesBuildPhase section */
		85C712062BF6A067004353CB /* Resources */ = {
			isa = PBXResourcesBuildPhase;
			buildActionMask = 2147483647;
			files = (
				85C712462BF6A71C004353CB /* FiraGO-Bold.ttf in Resources */,
				85C712482BF6A730004353CB /* FiraGO-Regular.ttf in Resources */,
				85C712152BF6A069004353CB /* Assets.xcassets in Resources */,
				85C712182BF6A069004353CB /* Base in Resources */,
			);
			runOnlyForDeploymentPostprocessing = 0;
		};
/* End PBXResourcesBuildPhase section */

/* Begin PBXSourcesBuildPhase section */
		85C712042BF6A067004353CB /* Sources */ = {
			isa = PBXSourcesBuildPhase;
			buildActionMask = 2147483647;
			files = (
				85C712262BF6A185004353CB /* AirQualityPageVC.swift in Sources */,
				7539368D2BF7DC3C004C0368 /* CustomInfoViewController.swift in Sources */,
				85C712612BF78B8D004353CB /* SpecieCollectionViewCell.swift in Sources */,
				85C712532BF6CF11004353CB /* CountryCollectionViewCell.swift in Sources */,
				85C7125C2BF76635004353CB /* SpecieDetailsVM.swift in Sources */,
				85C7125A2BF7662D004353CB /* SpecieDetailsVC.swift in Sources */,
				85C712352BF6A232004353CB /* SolarResourcePageVM.swift in Sources */,
				753936902BF7E20C004C0368 /* CustomInfoViewModel.swift in Sources */,
				85C7123C2BF6A275004353CB /* PopulationPageVM.swift in Sources */,
				85C712A22BF8238E004353CB /* CountryCapitalListModel.swift in Sources */,
				85C7122B2BF6A1D6004353CB /* WeatherPageVC.swift in Sources */,
				85C7122D2BF6A1E0004353CB /* WeatherPageVM.swift in Sources */,
				85C712322BF6A216004353CB /* SpeciePageVM.swift in Sources */,
				596F94462BF9463A0092F51C /* AirQualityPageModel.swift in Sources */,
				85C712372BF6A248004353CB /* SolarResourcePageVC.swift in Sources */,
				596F94482BF9464E0092F51C /* AirQualityPageVCextension.swift in Sources */,
				CC36A8542BF955B500A41451 /* ForecastModel.swift in Sources */,
				85C712A52BF823CE004353CB /* NaturalistInfoModel.swift in Sources */,
				753936882BF7B413004C0368 /* CustomCell.swift in Sources */,
				85C712302BF6A206004353CB /* SpeciePageVC.swift in Sources */,
				85C712282BF6A198004353CB /* AirQualityPageVM.swift in Sources */,
				753936842BF7516C004C0368 /* PopulationPageModel.swift in Sources */,
				85C7123E2BF6A4E2004353CB /* UIColor.swift in Sources */,
				85C7120C2BF6A067004353CB /* AppDelegate.swift in Sources */,
				7539368B2BF7DB1F004C0368 /* populationPageExtension.swift in Sources */,
				85C7123A2BF6A268004353CB /* PopulationPageVC.swift in Sources */,
				85C7120E2BF6A067004353CB /* SceneDelegate.swift in Sources */,
				85C712A72BF823E7004353CB /* CityIDModel.swift in Sources */,
			);
			runOnlyForDeploymentPostprocessing = 0;
		};
/* End PBXSourcesBuildPhase section */

/* Begin PBXVariantGroup section */
		85C712162BF6A069004353CB /* LaunchScreen.storyboard */ = {
			isa = PBXVariantGroup;
			children = (
				85C712172BF6A069004353CB /* Base */,
			);
			name = LaunchScreen.storyboard;
			sourceTree = "<group>";
		};
/* End PBXVariantGroup section */

/* Begin XCBuildConfiguration section */
		85C7121A2BF6A069004353CB /* Debug */ = {
			isa = XCBuildConfiguration;
			buildSettings = {
				ALWAYS_SEARCH_USER_PATHS = NO;
				ASSETCATALOG_COMPILER_GENERATE_SWIFT_ASSET_SYMBOL_EXTENSIONS = YES;
				CLANG_ANALYZER_NONNULL = YES;
				CLANG_ANALYZER_NUMBER_OBJECT_CONVERSION = YES_AGGRESSIVE;
				CLANG_CXX_LANGUAGE_STANDARD = "gnu++20";
				CLANG_ENABLE_MODULES = YES;
				CLANG_ENABLE_OBJC_ARC = YES;
				CLANG_ENABLE_OBJC_WEAK = YES;
				CLANG_WARN_BLOCK_CAPTURE_AUTORELEASING = YES;
				CLANG_WARN_BOOL_CONVERSION = YES;
				CLANG_WARN_COMMA = YES;
				CLANG_WARN_CONSTANT_CONVERSION = YES;
				CLANG_WARN_DEPRECATED_OBJC_IMPLEMENTATIONS = YES;
				CLANG_WARN_DIRECT_OBJC_ISA_USAGE = YES_ERROR;
				CLANG_WARN_DOCUMENTATION_COMMENTS = YES;
				CLANG_WARN_EMPTY_BODY = YES;
				CLANG_WARN_ENUM_CONVERSION = YES;
				CLANG_WARN_INFINITE_RECURSION = YES;
				CLANG_WARN_INT_CONVERSION = YES;
				CLANG_WARN_NON_LITERAL_NULL_CONVERSION = YES;
				CLANG_WARN_OBJC_IMPLICIT_RETAIN_SELF = YES;
				CLANG_WARN_OBJC_LITERAL_CONVERSION = YES;
				CLANG_WARN_OBJC_ROOT_CLASS = YES_ERROR;
				CLANG_WARN_QUOTED_INCLUDE_IN_FRAMEWORK_HEADER = YES;
				CLANG_WARN_RANGE_LOOP_ANALYSIS = YES;
				CLANG_WARN_STRICT_PROTOTYPES = YES;
				CLANG_WARN_SUSPICIOUS_MOVE = YES;
				CLANG_WARN_UNGUARDED_AVAILABILITY = YES_AGGRESSIVE;
				CLANG_WARN_UNREACHABLE_CODE = YES;
				CLANG_WARN__DUPLICATE_METHOD_MATCH = YES;
				COPY_PHASE_STRIP = NO;
				DEBUG_INFORMATION_FORMAT = dwarf;
				ENABLE_STRICT_OBJC_MSGSEND = YES;
				ENABLE_TESTABILITY = YES;
				ENABLE_USER_SCRIPT_SANDBOXING = YES;
				GCC_C_LANGUAGE_STANDARD = gnu17;
				GCC_DYNAMIC_NO_PIC = NO;
				GCC_NO_COMMON_BLOCKS = YES;
				GCC_OPTIMIZATION_LEVEL = 0;
				GCC_PREPROCESSOR_DEFINITIONS = (
					"DEBUG=1",
					"$(inherited)",
				);
				GCC_WARN_64_TO_32_BIT_CONVERSION = YES;
				GCC_WARN_ABOUT_RETURN_TYPE = YES_ERROR;
				GCC_WARN_UNDECLARED_SELECTOR = YES;
				GCC_WARN_UNINITIALIZED_AUTOS = YES_AGGRESSIVE;
				GCC_WARN_UNUSED_FUNCTION = YES;
				GCC_WARN_UNUSED_VARIABLE = YES;
				IPHONEOS_DEPLOYMENT_TARGET = 17.4;
				LOCALIZATION_PREFERS_STRING_CATALOGS = YES;
				MTL_ENABLE_DEBUG_INFO = INCLUDE_SOURCE;
				MTL_FAST_MATH = YES;
				ONLY_ACTIVE_ARCH = YES;
				SDKROOT = iphoneos;
				SWIFT_ACTIVE_COMPILATION_CONDITIONS = "DEBUG $(inherited)";
				SWIFT_OPTIMIZATION_LEVEL = "-Onone";
			};
			name = Debug;
		};
		85C7121B2BF6A069004353CB /* Release */ = {
			isa = XCBuildConfiguration;
			buildSettings = {
				ALWAYS_SEARCH_USER_PATHS = NO;
				ASSETCATALOG_COMPILER_GENERATE_SWIFT_ASSET_SYMBOL_EXTENSIONS = YES;
				CLANG_ANALYZER_NONNULL = YES;
				CLANG_ANALYZER_NUMBER_OBJECT_CONVERSION = YES_AGGRESSIVE;
				CLANG_CXX_LANGUAGE_STANDARD = "gnu++20";
				CLANG_ENABLE_MODULES = YES;
				CLANG_ENABLE_OBJC_ARC = YES;
				CLANG_ENABLE_OBJC_WEAK = YES;
				CLANG_WARN_BLOCK_CAPTURE_AUTORELEASING = YES;
				CLANG_WARN_BOOL_CONVERSION = YES;
				CLANG_WARN_COMMA = YES;
				CLANG_WARN_CONSTANT_CONVERSION = YES;
				CLANG_WARN_DEPRECATED_OBJC_IMPLEMENTATIONS = YES;
				CLANG_WARN_DIRECT_OBJC_ISA_USAGE = YES_ERROR;
				CLANG_WARN_DOCUMENTATION_COMMENTS = YES;
				CLANG_WARN_EMPTY_BODY = YES;
				CLANG_WARN_ENUM_CONVERSION = YES;
				CLANG_WARN_INFINITE_RECURSION = YES;
				CLANG_WARN_INT_CONVERSION = YES;
				CLANG_WARN_NON_LITERAL_NULL_CONVERSION = YES;
				CLANG_WARN_OBJC_IMPLICIT_RETAIN_SELF = YES;
				CLANG_WARN_OBJC_LITERAL_CONVERSION = YES;
				CLANG_WARN_OBJC_ROOT_CLASS = YES_ERROR;
				CLANG_WARN_QUOTED_INCLUDE_IN_FRAMEWORK_HEADER = YES;
				CLANG_WARN_RANGE_LOOP_ANALYSIS = YES;
				CLANG_WARN_STRICT_PROTOTYPES = YES;
				CLANG_WARN_SUSPICIOUS_MOVE = YES;
				CLANG_WARN_UNGUARDED_AVAILABILITY = YES_AGGRESSIVE;
				CLANG_WARN_UNREACHABLE_CODE = YES;
				CLANG_WARN__DUPLICATE_METHOD_MATCH = YES;
				COPY_PHASE_STRIP = NO;
				DEBUG_INFORMATION_FORMAT = "dwarf-with-dsym";
				ENABLE_NS_ASSERTIONS = NO;
				ENABLE_STRICT_OBJC_MSGSEND = YES;
				ENABLE_USER_SCRIPT_SANDBOXING = YES;
				GCC_C_LANGUAGE_STANDARD = gnu17;
				GCC_NO_COMMON_BLOCKS = YES;
				GCC_WARN_64_TO_32_BIT_CONVERSION = YES;
				GCC_WARN_ABOUT_RETURN_TYPE = YES_ERROR;
				GCC_WARN_UNDECLARED_SELECTOR = YES;
				GCC_WARN_UNINITIALIZED_AUTOS = YES_AGGRESSIVE;
				GCC_WARN_UNUSED_FUNCTION = YES;
				GCC_WARN_UNUSED_VARIABLE = YES;
				IPHONEOS_DEPLOYMENT_TARGET = 17.4;
				LOCALIZATION_PREFERS_STRING_CATALOGS = YES;
				MTL_ENABLE_DEBUG_INFO = NO;
				MTL_FAST_MATH = YES;
				SDKROOT = iphoneos;
				SWIFT_COMPILATION_MODE = wholemodule;
				VALIDATE_PRODUCT = YES;
			};
			name = Release;
		};
		85C7121D2BF6A069004353CB /* Debug */ = {
			isa = XCBuildConfiguration;
			buildSettings = {
				ASSETCATALOG_COMPILER_APPICON_NAME = AppIcon;
				ASSETCATALOG_COMPILER_GLOBAL_ACCENT_COLOR_NAME = AccentColor;
				CODE_SIGN_STYLE = Automatic;
				CURRENT_PROJECT_VERSION = 1;
				DEVELOPMENT_TEAM = 9S26B8AV5C;
				GENERATE_INFOPLIST_FILE = YES;
				INFOPLIST_FILE = Collaboration1/Resources/Info.plist;
				INFOPLIST_KEY_UIApplicationSupportsIndirectInputEvents = YES;
				INFOPLIST_KEY_UILaunchStoryboardName = LaunchScreen;
				INFOPLIST_KEY_UISupportedInterfaceOrientations_iPad = "UIInterfaceOrientationPortrait UIInterfaceOrientationPortraitUpsideDown UIInterfaceOrientationLandscapeLeft UIInterfaceOrientationLandscapeRight";
				INFOPLIST_KEY_UISupportedInterfaceOrientations_iPhone = "UIInterfaceOrientationPortrait UIInterfaceOrientationLandscapeLeft UIInterfaceOrientationLandscapeRight";
				LD_RUNPATH_SEARCH_PATHS = (
					"$(inherited)",
					"@executable_path/Frameworks",
				);
				MARKETING_VERSION = 1.0;
				PRODUCT_BUNDLE_IDENTIFIER = com.yvelazeMagariKompania.ge.Collaboration1;
				PRODUCT_NAME = "$(TARGET_NAME)";
				SWIFT_EMIT_LOC_STRINGS = YES;
				SWIFT_VERSION = 5.0;
				TARGETED_DEVICE_FAMILY = "1,2";
			};
			name = Debug;
		};
		85C7121E2BF6A069004353CB /* Release */ = {
			isa = XCBuildConfiguration;
			buildSettings = {
				ASSETCATALOG_COMPILER_APPICON_NAME = AppIcon;
				ASSETCATALOG_COMPILER_GLOBAL_ACCENT_COLOR_NAME = AccentColor;
				CODE_SIGN_STYLE = Automatic;
				CURRENT_PROJECT_VERSION = 1;
				DEVELOPMENT_TEAM = 9S26B8AV5C;
				GENERATE_INFOPLIST_FILE = YES;
				INFOPLIST_FILE = Collaboration1/Resources/Info.plist;
				INFOPLIST_KEY_UIApplicationSupportsIndirectInputEvents = YES;
				INFOPLIST_KEY_UILaunchStoryboardName = LaunchScreen;
				INFOPLIST_KEY_UISupportedInterfaceOrientations_iPad = "UIInterfaceOrientationPortrait UIInterfaceOrientationPortraitUpsideDown UIInterfaceOrientationLandscapeLeft UIInterfaceOrientationLandscapeRight";
				INFOPLIST_KEY_UISupportedInterfaceOrientations_iPhone = "UIInterfaceOrientationPortrait UIInterfaceOrientationLandscapeLeft UIInterfaceOrientationLandscapeRight";
				LD_RUNPATH_SEARCH_PATHS = (
					"$(inherited)",
					"@executable_path/Frameworks",
				);
				MARKETING_VERSION = 1.0;
				PRODUCT_BUNDLE_IDENTIFIER = com.yvelazeMagariKompania.ge.Collaboration1;
				PRODUCT_NAME = "$(TARGET_NAME)";
				SWIFT_EMIT_LOC_STRINGS = YES;
				SWIFT_VERSION = 5.0;
				TARGETED_DEVICE_FAMILY = "1,2";
			};
			name = Release;
		};
/* End XCBuildConfiguration section */

/* Begin XCConfigurationList section */
		85C712032BF6A067004353CB /* Build configuration list for PBXProject "Collaboration1" */ = {
			isa = XCConfigurationList;
			buildConfigurations = (
				85C7121A2BF6A069004353CB /* Debug */,
				85C7121B2BF6A069004353CB /* Release */,
			);
			defaultConfigurationIsVisible = 0;
			defaultConfigurationName = Release;
		};
		85C7121C2BF6A069004353CB /* Build configuration list for PBXNativeTarget "Collaboration1" */ = {
			isa = XCConfigurationList;
			buildConfigurations = (
				85C7121D2BF6A069004353CB /* Debug */,
				85C7121E2BF6A069004353CB /* Release */,
			);
			defaultConfigurationIsVisible = 0;
			defaultConfigurationName = Release;
		};
/* End XCConfigurationList section */

/* Begin XCRemoteSwiftPackageReference section */
		85C7123F2BF6A521004353CB /* XCRemoteSwiftPackageReference "SimpleNetworking" */ = {
			isa = XCRemoteSwiftPackageReference;
			repositoryURL = "https://github.com/GujMeister/SimpleNetworking";
			requirement = {
				branch = main;
				kind = branch;
			};
		};
		85C712492BF6BF1E004353CB /* XCRemoteSwiftPackageReference "SDWebImage" */ = {
			isa = XCRemoteSwiftPackageReference;
			repositoryURL = "https://github.com/SDWebImage/SDWebImage.git";
			requirement = {
				kind = upToNextMajorVersion;
				minimumVersion = 5.19.2;
			};
		};
/* End XCRemoteSwiftPackageReference section */

/* Begin XCSwiftPackageProductDependency section */
		85C712402BF6A521004353CB /* SimpleNetworking */ = {
			isa = XCSwiftPackageProductDependency;
			package = 85C7123F2BF6A521004353CB /* XCRemoteSwiftPackageReference "SimpleNetworking" */;
			productName = SimpleNetworking;
		};
		85C7124A2BF6BF1E004353CB /* SDWebImage */ = {
			isa = XCSwiftPackageProductDependency;
			package = 85C712492BF6BF1E004353CB /* XCRemoteSwiftPackageReference "SDWebImage" */;
			productName = SDWebImage;
		};
		85C7124C2BF6BF1E004353CB /* SDWebImageMapKit */ = {
			isa = XCSwiftPackageProductDependency;
			package = 85C712492BF6BF1E004353CB /* XCRemoteSwiftPackageReference "SDWebImage" */;
			productName = SDWebImageMapKit;
		};
/* End XCSwiftPackageProductDependency section */
	};
	rootObject = 85C712002BF6A067004353CB /* Project object */;
}
