{
  "originHash" : "cd151d703f42ef1bca15e14c29600b590d74e53bc21923ad345345807f501ce6",
  "pins" : [
    {
      "identity" : "sdwebimage",
      "kind" : "remoteSourceControl",
      "location" : "https://github.com/SDWebImage/SDWebImage.git",
      "state" : {
        "revision" : "5642d1ffe3dbe628592443bd14154e31929727b4",
        "version" : "5.19.2"
      }
    },
    {
      "identity" : "simplenetworking",
      "kind" : "remoteSourceControl",
      "location" : "https://github.com/GujMeister/SimpleNetworking",
      "state" : {
        "branch" : "main",
        "revision" : "9be186ad616726caedd6d1c273f3e1382d8810ec"
      }
    }
  ],
  "version" : 3
}
