{
  "originHash" : "1eb339f427beba8a86d3d3e72ab2f127433f8e5b0a6a049b2a7c9f0f1a67b4d6",
  "pins" : [
    {
      "identity" : "simplenetworking",
      "kind" : "remoteSourceControl",
      "location" : "https://github.com/GujMeister/SimpleNetworking",
      "state" : {
        "branch" : "main",
        "revision" : "9be186ad616726caedd6d1c273f3e1382d8810ec"
      }
    }
  ],
  "version" : 3
}
